
Microsoft Visual Studio Solution File, Format Version 12.00
# Visual Studio Version 17
VisualStudioVersion = 17.9.34728.123
MinimumVisualStudioVersion = 10.0.40219.1
Project("{9A19103F-16F7-4668-BE54-9A1E7A4F7556}") = "BDT_Allure_DD_POM_Playwright", "BDT_Allure_DD_POM_Playwright\BDT_Allure_DD_POM_Playwright.csproj", "{0CCCDCEC-6071-45C6-9228-F050DDCF0F06}"
EndProject
Project("{2150E333-8FDC-42A3-9474-1A3956D46DE8}") = "Solution Items", "Solution Items", "{0136D6E3-EB36-409D-8D14-1D32AFDC3D72}"
	ProjectSection(SolutionItems) = preProject
		.editorconfig = .editorconfig
	EndProjectSection
EndProject
Global
	GlobalSection(SolutionConfigurationPlatforms) = preSolution
		Debug|Any CPU = Debug|Any CPU
		Release|Any CPU = Release|Any CPU
	EndGlobalSection
	GlobalSection(ProjectConfigurationPlatforms) = postSolution
		{0CCCDCEC-6071-45C6-9228-F050DDCF0F06}.Debug|Any CPU.ActiveCfg = Debug|Any CPU
		{0CCCDCEC-6071-45C6-9228-F050DDCF0F06}.Debug|Any CPU.Build.0 = Debug|Any CPU
		{0CCCDCEC-6071-45C6-9228-F050DDCF0F06}.Release|Any CPU.ActiveCfg = Release|Any CPU
		{0CCCDCEC-6071-45C6-9228-F050DDCF0F06}.Release|Any CPU.Build.0 = Release|Any CPU
	EndGlobalSection
	GlobalSection(SolutionProperties) = preSolution
		HideSolutionNode = FALSE
	EndGlobalSection
	GlobalSection(ExtensibilityGlobals) = postSolution
		SolutionGuid = {F84076FE-160E-493E-986F-F7F92AD4520E}
	EndGlobalSection
EndGlobal
