
Microsoft Visual Studio Solution File, Format Version 12.00
# Visual Studio Version 17
VisualStudioVersion = 17.9.34728.123
MinimumVisualStudioVersion = 10.0.40219.1
Project("{FAE04EC0-301F-11D3-BF4B-00C04F79EFBC}") = "DemoQA_Linear", "DemoQA_Linear\DemoQA_Linear.csproj", "{C547546B-8193-4690-9C64-F12B0902E47D}"
EndProject
Global
	GlobalSection(SolutionConfigurationPlatforms) = preSolution
		Debug|Any CPU = Debug|Any CPU
		Release|Any CPU = Release|Any CPU
	EndGlobalSection
	GlobalSection(ProjectConfigurationPlatforms) = postSolution
		{C547546B-8193-4690-9C64-F12B0902E47D}.Debug|Any CPU.ActiveCfg = Debug|Any CPU
		{C547546B-8193-4690-9C64-F12B0902E47D}.Debug|Any CPU.Build.0 = Debug|Any CPU
		{C547546B-8193-4690-9C64-F12B0902E47D}.Release|Any CPU.ActiveCfg = Release|Any CPU
		{C547546B-8193-4690-9C64-F12B0902E47D}.Release|Any CPU.Build.0 = Release|Any CPU
	EndGlobalSection
	GlobalSection(SolutionProperties) = preSolution
		HideSolutionNode = FALSE
	EndGlobalSection
	GlobalSection(ExtensibilityGlobals) = postSolution
		SolutionGuid = {B1333943-B4A5-4FF8-8FD0-8172F01BB5A1}
	EndGlobalSection
EndGlobal
