
Microsoft Visual Studio Solution File, Format Version 12.00
# Visual Studio Version 17
VisualStudioVersion = 17.9.34728.123
MinimumVisualStudioVersion = 10.0.40219.1
Project("{FAE04EC0-301F-11D3-BF4B-00C04F79EFBC}") = "Data_Driven_Selinium", "Data_Driven_Selinium\Data_Driven_Selinium.csproj", "{501364A6-DB84-4D96-B2F9-89652C568B8C}"
EndProject
Global
	GlobalSection(SolutionConfigurationPlatforms) = preSolution
		Debug|Any CPU = Debug|Any CPU
		Release|Any CPU = Release|Any CPU
	EndGlobalSection
	GlobalSection(ProjectConfigurationPlatforms) = postSolution
		{501364A6-DB84-4D96-B2F9-89652C568B8C}.Debug|Any CPU.ActiveCfg = Debug|Any CPU
		{501364A6-DB84-4D96-B2F9-89652C568B8C}.Debug|Any CPU.Build.0 = Debug|Any CPU
		{501364A6-DB84-4D96-B2F9-89652C568B8C}.Release|Any CPU.ActiveCfg = Release|Any CPU
		{501364A6-DB84-4D96-B2F9-89652C568B8C}.Release|Any CPU.Build.0 = Release|Any CPU
	EndGlobalSection
	GlobalSection(SolutionProperties) = preSolution
		HideSolutionNode = FALSE
	EndGlobalSection
	GlobalSection(ExtensibilityGlobals) = postSolution
		SolutionGuid = {5BBBB77F-7EEA-40B7-A1F8-AE8B0023D2E1}
	EndGlobalSection
EndGlobal
