
Microsoft Visual Studio Solution File, Format Version 12.00
# Visual Studio Version 17
VisualStudioVersion = 17.9.34728.123
MinimumVisualStudioVersion = 10.0.40219.1
Project("{FAE04EC0-301F-11D3-BF4B-00C04F79EFBC}") = "Playwright_XYZBank", "Playwright_XYZBank\Playwright_XYZBank.csproj", "{491C4B7E-8B96-4A2B-BE39-A44FE5068822}"
EndProject
Global
	GlobalSection(SolutionConfigurationPlatforms) = preSolution
		Debug|Any CPU = Debug|Any CPU
		Release|Any CPU = Release|Any CPU
	EndGlobalSection
	GlobalSection(ProjectConfigurationPlatforms) = postSolution
		{491C4B7E-8B96-4A2B-BE39-A44FE5068822}.Debug|Any CPU.ActiveCfg = Debug|Any CPU
		{491C4B7E-8B96-4A2B-BE39-A44FE5068822}.Debug|Any CPU.Build.0 = Debug|Any CPU
		{491C4B7E-8B96-4A2B-BE39-A44FE5068822}.Release|Any CPU.ActiveCfg = Release|Any CPU
		{491C4B7E-8B96-4A2B-BE39-A44FE5068822}.Release|Any CPU.Build.0 = Release|Any CPU
	EndGlobalSection
	GlobalSection(SolutionProperties) = preSolution
		HideSolutionNode = FALSE
	EndGlobalSection
	GlobalSection(ExtensibilityGlobals) = postSolution
		SolutionGuid = {90B4BC8E-B913-407A-BD52-5E5381E056F4}
	EndGlobalSection
EndGlobal
